// !$*UTF8*$!
{
	archiveVersion = 1;
	classes = {
	};
	objectVersion = 46;
	objects = {

/* Begin PBXBuildFile section */
		93B4F7901F037EE100B83AA3 /* main.m in Sources */ = {isa = PBXBuildFile; fileRef = 93B4F78F1F037EE100B83AA3 /* main.m */; };
		93B4F7931F037EE100B83AA3 /* AppDelegate.m in Sources */ = {isa = PBXBuildFile; fileRef = 93B4F7921F037EE100B83AA3 /* AppDelegate.m */; };
		93B4F7991F037EE100B83AA3 /* Main.storyboard in Resources */ = {isa = PBXBuildFile; fileRef = 93B4F7971F037EE100B83AA3 /* Main.storyboard */; };
		93B4F79B1F037EE200B83AA3 /* Assets.xcassets in Resources */ = {isa = PBXBuildFile; fileRef = 93B4F79A1F037EE200B83AA3 /* Assets.xcassets */; };
		93B4F79E1F037EE200B83AA3 /* LaunchScreen.storyboard in Resources */ = {isa = PBXBuildFile; fileRef = 93B4F79C1F037EE200B83AA3 /* LaunchScreen.storyboard */; };
		93B4F7A91F037EE600B83AA3 /* IosProjectTests.m in Sources */ = {isa = PBXBuildFile; fileRef = 93B4F7A81F037EE600B83AA3 /* IosProjectTests.m */; };
		93B4F7B41F037EE600B83AA3 /* IosProjectUITests.m in Sources */ = {isa = PBXBuildFile; fileRef = 93B4F7B31F037EE600B83AA3 /* IosProjectUITests.m */; };
		93B4F7C61F037F6200B83AA3 /* BaseModel.m in Sources */ = {isa = PBXBuildFile; fileRef = 93B4F7C51F037F6200B83AA3 /* BaseModel.m */; };
		93B4F7CC1F0387B800B83AA3 /* UserModel.m in Sources */ = {isa = PBXBuildFile; fileRef = 93B4F7CB1F0387B800B83AA3 /* UserModel.m */; };
		93B4F7D11F03ABD700B83AA3 /* BaseViewController.m in Sources */ = {isa = PBXBuildFile; fileRef = 93B4F7D01F03ABD700B83AA3 /* BaseViewController.m */; };
		93B4F7D41F03ACBE00B83AA3 /* MainViewController.m in Sources */ = {isa = PBXBuildFile; fileRef = 93B4F7D31F03ACBE00B83AA3 /* MainViewController.m */; };
		93B4F7D71F03ACC900B83AA3 /* PersonViewController.m in Sources */ = {isa = PBXBuildFile; fileRef = 93B4F7D61F03ACC900B83AA3 /* PersonViewController.m */; };
		93B4F7DA1F03ACF800B83AA3 /* ScanViewController.m in Sources */ = {isa = PBXBuildFile; fileRef = 93B4F7D91F03ACF800B83AA3 /* ScanViewController.m */; };
/* End PBXBuildFile section */

/* Begin PBXContainerItemProxy section */
		93B4F7A51F037EE600B83AA3 /* PBXContainerItemProxy */ = {
			isa = PBXContainerItemProxy;
			containerPortal = 93B4F7831F037EE000B83AA3 /* Project object */;
			proxyType = 1;
			remoteGlobalIDString = 93B4F78A1F037EE000B83AA3;
			remoteInfo = IosProject;
		};
		93B4F7B01F037EE600B83AA3 /* PBXContainerItemProxy */ = {
			isa = PBXContainerItemProxy;
			containerPortal = 93B4F7831F037EE000B83AA3 /* Project object */;
			proxyType = 1;
			remoteGlobalIDString = 93B4F78A1F037EE000B83AA3;
			remoteInfo = IosProject;
		};
/* End PBXContainerItemProxy section */

/* Begin PBXFileReference section */
		93B4F78B1F037EE000B83AA3 /* IosProject.app */ = {isa = PBXFileReference; explicitFileType = wrapper.application; includeInIndex = 0; path = IosProject.app; sourceTree = BUILT_PRODUCTS_DIR; };
		93B4F78F1F037EE100B83AA3 /* main.m */ = {isa = PBXFileReference; lastKnownFileType = sourcecode.c.objc; path = main.m; sourceTree = "<group>"; };
		93B4F7911F037EE100B83AA3 /* AppDelegate.h */ = {isa = PBXFileReference; lastKnownFileType = sourcecode.c.h; path = AppDelegate.h; sourceTree = "<group>"; };
		93B4F7921F037EE100B83AA3 /* AppDelegate.m */ = {isa = PBXFileReference; lastKnownFileType = sourcecode.c.objc; path = AppDelegate.m; sourceTree = "<group>"; };
		93B4F7981F037EE100B83AA3 /* Base */ = {isa = PBXFileReference; lastKnownFileType = file.storyboard; name = Base; path = Base.lproj/Main.storyboard; sourceTree = "<group>"; };
		93B4F79A1F037EE200B83AA3 /* Assets.xcassets */ = {isa = PBXFileReference; lastKnownFileType = folder.assetcatalog; path = Assets.xcassets; sourceTree = "<group>"; };
		93B4F79D1F037EE200B83AA3 /* Base */ = {isa = PBXFileReference; lastKnownFileType = file.storyboard; name = Base; path = Base.lproj/LaunchScreen.storyboard; sourceTree = "<group>"; };
		93B4F79F1F037EE200B83AA3 /* Info.plist */ = {isa = PBXFileReference; lastKnownFileType = text.plist.xml; path = Info.plist; sourceTree = "<group>"; };
		93B4F7A41F037EE600B83AA3 /* IosProjectTests.xctest */ = {isa = PBXFileReference; explicitFileType = wrapper.cfbundle; includeInIndex = 0; path = IosProjectTests.xctest; sourceTree = BUILT_PRODUCTS_DIR; };
		93B4F7A81F037EE600B83AA3 /* IosProjectTests.m */ = {isa = PBXFileReference; lastKnownFileType = sourcecode.c.objc; path = IosProjectTests.m; sourceTree = "<group>"; };
		93B4F7AA1F037EE600B83AA3 /* Info.plist */ = {isa = PBXFileReference; lastKnownFileType = text.plist.xml; path = Info.plist; sourceTree = "<group>"; };
		93B4F7AF1F037EE600B83AA3 /* IosProjectUITests.xctest */ = {isa = PBXFileReference; explicitFileType = wrapper.cfbundle; includeInIndex = 0; path = IosProjectUITests.xctest; sourceTree = BUILT_PRODUCTS_DIR; };
		93B4F7B31F037EE600B83AA3 /* IosProjectUITests.m */ = {isa = PBXFileReference; lastKnownFileType = sourcecode.c.objc; path = IosProjectUITests.m; sourceTree = "<group>"; };
		93B4F7B51F037EE700B83AA3 /* Info.plist */ = {isa = PBXFileReference; lastKnownFileType = text.plist.xml; path = Info.plist; sourceTree = "<group>"; };
		93B4F7C41F037F6200B83AA3 /* BaseModel.h */ = {isa = PBXFileReference; fileEncoding = 4; lastKnownFileType = sourcecode.c.h; path = BaseModel.h; sourceTree = "<group>"; };
		93B4F7C51F037F6200B83AA3 /* BaseModel.m */ = {isa = PBXFileReference; fileEncoding = 4; lastKnownFileType = sourcecode.c.objc; path = BaseModel.m; sourceTree = "<group>"; };
		93B4F7CA1F0387B800B83AA3 /* UserModel.h */ = {isa = PBXFileReference; fileEncoding = 4; lastKnownFileType = sourcecode.c.h; path = UserModel.h; sourceTree = "<group>"; };
		93B4F7CB1F0387B800B83AA3 /* UserModel.m */ = {isa = PBXFileReference; fileEncoding = 4; lastKnownFileType = sourcecode.c.objc; path = UserModel.m; sourceTree = "<group>"; };
		93B4F7CF1F03ABD700B83AA3 /* BaseViewController.h */ = {isa = PBXFileReference; fileEncoding = 4; lastKnownFileType = sourcecode.c.h; path = BaseViewController.h; sourceTree = "<group>"; };
		93B4F7D01F03ABD700B83AA3 /* BaseViewController.m */ = {isa = PBXFileReference; fileEncoding = 4; lastKnownFileType = sourcecode.c.objc; path = BaseViewController.m; sourceTree = "<group>"; };
		93B4F7D21F03ACBE00B83AA3 /* MainViewController.h */ = {isa = PBXFileReference; fileEncoding = 4; lastKnownFileType = sourcecode.c.h; path = MainViewController.h; sourceTree = "<group>"; };
		93B4F7D31F03ACBE00B83AA3 /* MainViewController.m */ = {isa = PBXFileReference; fileEncoding = 4; lastKnownFileType = sourcecode.c.objc; path = MainViewController.m; sourceTree = "<group>"; };
		93B4F7D51F03ACC900B83AA3 /* PersonViewController.h */ = {isa = PBXFileReference; fileEncoding = 4; lastKnownFileType = sourcecode.c.h; path = PersonViewController.h; sourceTree = "<group>"; };
		93B4F7D61F03ACC900B83AA3 /* PersonViewController.m */ = {isa = PBXFileReference; fileEncoding = 4; lastKnownFileType = sourcecode.c.objc; path = PersonViewController.m; sourceTree = "<group>"; };
		93B4F7D81F03ACF800B83AA3 /* ScanViewController.h */ = {isa = PBXFileReference; fileEncoding = 4; lastKnownFileType = sourcecode.c.h; path = ScanViewController.h; sourceTree = "<group>"; };
		93B4F7D91F03ACF800B83AA3 /* ScanViewController.m */ = {isa = PBXFileReference; fileEncoding = 4; lastKnownFileType = sourcecode.c.objc; path = ScanViewController.m; sourceTree = "<group>"; };
/* End PBXFileReference section */

/* Begin PBXFrameworksBuildPhase section */
		93B4F7881F037EE000B83AA3 /* Frameworks */ = {
			isa = PBXFrameworksBuildPhase;
			buildActionMask = 2147483647;
			files = (
			);
			runOnlyForDeploymentPostprocessing = 0;
		};
		93B4F7A11F037EE600B83AA3 /* Frameworks */ = {
			isa = PBXFrameworksBuildPhase;
			buildActionMask = 2147483647;
			files = (
			);
			runOnlyForDeploymentPostprocessing = 0;
		};
		93B4F7AC1F037EE600B83AA3 /* Frameworks */ = {
			isa = PBXFrameworksBuildPhase;
			buildActionMask = 2147483647;
			files = (
			);
			runOnlyForDeploymentPostprocessing = 0;
		};
/* End PBXFrameworksBuildPhase section */

/* Begin PBXGroup section */
		93B4F7821F037EE000B83AA3 = {
			isa = PBXGroup;
			children = (
				93B4F78D1F037EE000B83AA3 /* IosProject */,
				93B4F7A71F037EE600B83AA3 /* IosProjectTests */,
				93B4F7B21F037EE600B83AA3 /* IosProjectUITests */,
				93B4F78C1F037EE000B83AA3 /* Products */,
			);
			sourceTree = "<group>";
		};
		93B4F78C1F037EE000B83AA3 /* Products */ = {
			isa = PBXGroup;
			children = (
				93B4F78B1F037EE000B83AA3 /* IosProject.app */,
				93B4F7A41F037EE600B83AA3 /* IosProjectTests.xctest */,
				93B4F7AF1F037EE600B83AA3 /* IosProjectUITests.xctest */,
			);
			name = Products;
			sourceTree = "<group>";
		};
		93B4F78D1F037EE000B83AA3 /* IosProject */ = {
			isa = PBXGroup;
			children = (
				93B4F7CE1F03AB9B00B83AA3 /* Controller */,
				93B4F7C11F037F2200B83AA3 /* BaseModel */,
				93B4F7911F037EE100B83AA3 /* AppDelegate.h */,
				93B4F7921F037EE100B83AA3 /* AppDelegate.m */,
				93B4F7971F037EE100B83AA3 /* Main.storyboard */,
				93B4F79A1F037EE200B83AA3 /* Assets.xcassets */,
				93B4F79C1F037EE200B83AA3 /* LaunchScreen.storyboard */,
				93B4F79F1F037EE200B83AA3 /* Info.plist */,
				93B4F78E1F037EE100B83AA3 /* Supporting Files */,
			);
			path = IosProject;
			sourceTree = "<group>";
		};
		93B4F78E1F037EE100B83AA3 /* Supporting Files */ = {
			isa = PBXGroup;
			children = (
				93B4F78F1F037EE100B83AA3 /* main.m */,
			);
			name = "Supporting Files";
			sourceTree = "<group>";
		};
		93B4F7A71F037EE600B83AA3 /* IosProjectTests */ = {
			isa = PBXGroup;
			children = (
				93B4F7A81F037EE600B83AA3 /* IosProjectTests.m */,
				93B4F7AA1F037EE600B83AA3 /* Info.plist */,
			);
			path = IosProjectTests;
			sourceTree = "<group>";
		};
		93B4F7B21F037EE600B83AA3 /* IosProjectUITests */ = {
			isa = PBXGroup;
			children = (
				93B4F7B31F037EE600B83AA3 /* IosProjectUITests.m */,
				93B4F7B51F037EE700B83AA3 /* Info.plist */,
			);
			path = IosProjectUITests;
			sourceTree = "<group>";
		};
		93B4F7C11F037F2200B83AA3 /* BaseModel */ = {
			isa = PBXGroup;
			children = (
				93B4F7C41F037F6200B83AA3 /* BaseModel.h */,
				93B4F7C51F037F6200B83AA3 /* BaseModel.m */,
				93B4F7CA1F0387B800B83AA3 /* UserModel.h */,
				93B4F7CB1F0387B800B83AA3 /* UserModel.m */,
			);
			path = BaseModel;
			sourceTree = "<group>";
		};
		93B4F7CE1F03AB9B00B83AA3 /* Controller */ = {
			isa = PBXGroup;
			children = (
				93B4F7CF1F03ABD700B83AA3 /* BaseViewController.h */,
				93B4F7D01F03ABD700B83AA3 /* BaseViewController.m */,
				93B4F7D21F03ACBE00B83AA3 /* MainViewController.h */,
				93B4F7D31F03ACBE00B83AA3 /* MainViewController.m */,
				93B4F7D51F03ACC900B83AA3 /* PersonViewController.h */,
				93B4F7D61F03ACC900B83AA3 /* PersonViewController.m */,
				93B4F7D81F03ACF800B83AA3 /* ScanViewController.h */,
				93B4F7D91F03ACF800B83AA3 /* ScanViewController.m */,
			);
			name = Controller;
			sourceTree = "<group>";
		};
/* End PBXGroup section */

/* Begin PBXNativeTarget section */
		93B4F78A1F037EE000B83AA3 /* IosProject */ = {
			isa = PBXNativeTarget;
			buildConfigurationList = 93B4F7B81F037EE700B83AA3 /* Build configuration list for PBXNativeTarget "IosProject" */;
			buildPhases = (
				93B4F7871F037EE000B83AA3 /* Sources */,
				93B4F7881F037EE000B83AA3 /* Frameworks */,
				93B4F7891F037EE000B83AA3 /* Resources */,
			);
			buildRules = (
			);
			dependencies = (
			);
			name = IosProject;
			productName = IosProject;
			productReference = 93B4F78B1F037EE000B83AA3 /* IosProject.app */;
			productType = "com.apple.product-type.application";
		};
		93B4F7A31F037EE600B83AA3 /* IosProjectTests */ = {
			isa = PBXNativeTarget;
			buildConfigurationList = 93B4F7BB1F037EE700B83AA3 /* Build configuration list for PBXNativeTarget "IosProjectTests" */;
			buildPhases = (
				93B4F7A01F037EE600B83AA3 /* Sources */,
				93B4F7A11F037EE600B83AA3 /* Frameworks */,
				93B4F7A21F037EE600B83AA3 /* Resources */,
			);
			buildRules = (
			);
			dependencies = (
				93B4F7A61F037EE600B83AA3 /* PBXTargetDependency */,
			);
			name = IosProjectTests;
			productName = IosProjectTests;
			productReference = 93B4F7A41F037EE600B83AA3 /* IosProjectTests.xctest */;
			productType = "com.apple.product-type.bundle.unit-test";
		};
		93B4F7AE1F037EE600B83AA3 /* IosProjectUITests */ = {
			isa = PBXNativeTarget;
			buildConfigurationList = 93B4F7BE1F037EE700B83AA3 /* Build configuration list for PBXNativeTarget "IosProjectUITests" */;
			buildPhases = (
				93B4F7AB1F037EE600B83AA3 /* Sources */,
				93B4F7AC1F037EE600B83AA3 /* Frameworks */,
				93B4F7AD1F037EE600B83AA3 /* Resources */,
			);
			buildRules = (
			);
			dependencies = (
				93B4F7B11F037EE600B83AA3 /* PBXTargetDependency */,
			);
			name = IosProjectUITests;
			productName = IosProjectUITests;
			productReference = 93B4F7AF1F037EE600B83AA3 /* IosProjectUITests.xctest */;
			productType = "com.apple.product-type.bundle.ui-testing";
		};
/* End PBXNativeTarget section */

/* Begin PBXProject section */
		93B4F7831F037EE000B83AA3 /* Project object */ = {
			isa = PBXProject;
			attributes = {
				LastUpgradeCheck = 0830;
				ORGANIZATIONNAME = golddatacommunications;
				TargetAttributes = {
					93B4F78A1F037EE000B83AA3 = {
						CreatedOnToolsVersion = 8.3;
						DevelopmentTeam = K23Z7P2Y2K;
						ProvisioningStyle = Automatic;
					};
					93B4F7A31F037EE600B83AA3 = {
						CreatedOnToolsVersion = 8.3;
						DevelopmentTeam = K23Z7P2Y2K;
						ProvisioningStyle = Automatic;
						TestTargetID = 93B4F78A1F037EE000B83AA3;
					};
					93B4F7AE1F037EE600B83AA3 = {
						CreatedOnToolsVersion = 8.3;
						DevelopmentTeam = K23Z7P2Y2K;
						ProvisioningStyle = Automatic;
						TestTargetID = 93B4F78A1F037EE000B83AA3;
					};
				};
			};
			buildConfigurationList = 93B4F7861F037EE000B83AA3 /* Build configuration list for PBXProject "IosProject" */;
			compatibilityVersion = "Xcode 3.2";
			developmentRegion = English;
			hasScannedForEncodings = 0;
			knownRegions = (
				en,
				Base,
			);
			mainGroup = 93B4F7821F037EE000B83AA3;
			productRefGroup = 93B4F78C1F037EE000B83AA3 /* Products */;
			projectDirPath = "";
			projectRoot = "";
			targets = (
				93B4F78A1F037EE000B83AA3 /* IosProject */,
				93B4F7A31F037EE600B83AA3 /* IosProjectTests */,
				93B4F7AE1F037EE600B83AA3 /* IosProjectUITests */,
			);
		};
/* End PBXProject section */

/* Begin PBXResourcesBuildPhase section */
		93B4F7891F037EE000B83AA3 /* Resources */ = {
			isa = PBXResourcesBuildPhase;
			buildActionMask = 2147483647;
			files = (
				93B4F79E1F037EE200B83AA3 /* LaunchScreen.storyboard in Resources */,
				93B4F79B1F037EE200B83AA3 /* Assets.xcassets in Resources */,
				93B4F7991F037EE100B83AA3 /* Main.storyboard in Resources */,
			);
			runOnlyForDeploymentPostprocessing = 0;
		};
		93B4F7A21F037EE600B83AA3 /* Resources */ = {
			isa = PBXResourcesBuildPhase;
			buildActionMask = 2147483647;
			files = (
			);
			runOnlyForDeploymentPostprocessing = 0;
		};
		93B4F7AD1F037EE600B83AA3 /* Resources */ = {
			isa = PBXResourcesBuildPhase;
			buildActionMask = 2147483647;
			files = (
			);
			runOnlyForDeploymentPostprocessing = 0;
		};
/* End PBXResourcesBuildPhase section */

/* Begin PBXSourcesBuildPhase section */
		93B4F7871F037EE000B83AA3 /* Sources */ = {
			isa = PBXSourcesBuildPhase;
			buildActionMask = 2147483647;
			files = (
				93B4F7DA1F03ACF800B83AA3 /* ScanViewController.m in Sources */,
				93B4F7D11F03ABD700B83AA3 /* BaseViewController.m in Sources */,
				93B4F7CC1F0387B800B83AA3 /* UserModel.m in Sources */,
				93B4F7931F037EE100B83AA3 /* AppDelegate.m in Sources */,
				93B4F7D41F03ACBE00B83AA3 /* MainViewController.m in Sources */,
				93B4F7C61F037F6200B83AA3 /* BaseModel.m in Sources */,
				93B4F7901F037EE100B83AA3 /* main.m in Sources */,
				93B4F7D71F03ACC900B83AA3 /* PersonViewController.m in Sources */,
			);
			runOnlyForDeploymentPostprocessing = 0;
		};
		93B4F7A01F037EE600B83AA3 /* Sources */ = {
			isa = PBXSourcesBuildPhase;
			buildActionMask = 2147483647;
			files = (
				93B4F7A91F037EE600B83AA3 /* IosProjectTests.m in Sources */,
			);
			runOnlyForDeploymentPostprocessing = 0;
		};
		93B4F7AB1F037EE600B83AA3 /* Sources */ = {
			isa = PBXSourcesBuildPhase;
			buildActionMask = 2147483647;
			files = (
				93B4F7B41F037EE600B83AA3 /* IosProjectUITests.m in Sources */,
			);
			runOnlyForDeploymentPostprocessing = 0;
		};
/* End PBXSourcesBuildPhase section */

/* Begin PBXTargetDependency section */
		93B4F7A61F037EE600B83AA3 /* PBXTargetDependency */ = {
			isa = PBXTargetDependency;
			target = 93B4F78A1F037EE000B83AA3 /* IosProject */;
			targetProxy = 93B4F7A51F037EE600B83AA3 /* PBXContainerItemProxy */;
		};
		93B4F7B11F037EE600B83AA3 /* PBXTargetDependency */ = {
			isa = PBXTargetDependency;
			target = 93B4F78A1F037EE000B83AA3 /* IosProject */;
			targetProxy = 93B4F7B01F037EE600B83AA3 /* PBXContainerItemProxy */;
		};
/* End PBXTargetDependency section */

/* Begin PBXVariantGroup section */
		93B4F7971F037EE100B83AA3 /* Main.storyboard */ = {
			isa = PBXVariantGroup;
			children = (
				93B4F7981F037EE100B83AA3 /* Base */,
			);
			name = Main.storyboard;
			sourceTree = "<group>";
		};
		93B4F79C1F037EE200B83AA3 /* LaunchScreen.storyboard */ = {
			isa = PBXVariantGroup;
			children = (
				93B4F79D1F037EE200B83AA3 /* Base */,
			);
			name = LaunchScreen.storyboard;
			sourceTree = "<group>";
		};
/* End PBXVariantGroup section */

/* Begin XCBuildConfiguration section */
		93B4F7B61F037EE700B83AA3 /* Debug */ = {
			isa = XCBuildConfiguration;
			buildSettings = {
				ALWAYS_SEARCH_USER_PATHS = NO;
				CLANG_ANALYZER_NONNULL = YES;
				CLANG_ANALYZER_NUMBER_OBJECT_CONVERSION = YES_AGGRESSIVE;
				CLANG_CXX_LANGUAGE_STANDARD = "gnu++0x";
				CLANG_CXX_LIBRARY = "libc++";
				CLANG_ENABLE_MODULES = YES;
				CLANG_ENABLE_OBJC_ARC = YES;
				CLANG_WARN_BOOL_CONVERSION = YES;
				CLANG_WARN_CONSTANT_CONVERSION = YES;
				CLANG_WARN_DIRECT_OBJC_ISA_USAGE = YES_ERROR;
				CLANG_WARN_DOCUMENTATION_COMMENTS = YES;
				CLANG_WARN_EMPTY_BODY = YES;
				CLANG_WARN_ENUM_CONVERSION = YES;
				CLANG_WARN_INFINITE_RECURSION = YES;
				CLANG_WARN_INT_CONVERSION = YES;
				CLANG_WARN_OBJC_ROOT_CLASS = YES_ERROR;
				CLANG_WARN_SUSPICIOUS_MOVE = YES;
				CLANG_WARN_UNREACHABLE_CODE = YES;
				CLANG_WARN__DUPLICATE_METHOD_MATCH = YES;
				"CODE_SIGN_IDENTITY[sdk=iphoneos*]" = "iPhone Developer";
				COPY_PHASE_STRIP = NO;
				DEBUG_INFORMATION_FORMAT = dwarf;
				ENABLE_STRICT_OBJC_MSGSEND = YES;
				ENABLE_TESTABILITY = YES;
				GCC_C_LANGUAGE_STANDARD = gnu99;
				GCC_DYNAMIC_NO_PIC = NO;
				GCC_NO_COMMON_BLOCKS = YES;
				GCC_OPTIMIZATION_LEVEL = 0;
				GCC_PREPROCESSOR_DEFINITIONS = (
					"DEBUG=1",
					"$(inherited)",
				);
				GCC_WARN_64_TO_32_BIT_CONVERSION = YES;
				GCC_WARN_ABOUT_RETURN_TYPE = YES_ERROR;
				GCC_WARN_UNDECLARED_SELECTOR = YES;
				GCC_WARN_UNINITIALIZED_AUTOS = YES_AGGRESSIVE;
				GCC_WARN_UNUSED_FUNCTION = YES;
				GCC_WARN_UNUSED_VARIABLE = YES;
				IPHONEOS_DEPLOYMENT_TARGET = 10.3;
				MTL_ENABLE_DEBUG_INFO = YES;
				ONLY_ACTIVE_ARCH = YES;
				SDKROOT = iphoneos;
			};
			name = Debug;
		};
		93B4F7B71F037EE700B83AA3 /* Release */ = {
			isa = XCBuildConfiguration;
			buildSettings = {
				ALWAYS_SEARCH_USER_PATHS = NO;
				CLANG_ANALYZER_NONNULL = YES;
				CLANG_ANALYZER_NUMBER_OBJECT_CONVERSION = YES_AGGRESSIVE;
				CLANG_CXX_LANGUAGE_STANDARD = "gnu++0x";
				CLANG_CXX_LIBRARY = "libc++";
				CLANG_ENABLE_MODULES = YES;
				CLANG_ENABLE_OBJC_ARC = YES;
				CLANG_WARN_BOOL_CONVERSION = YES;
				CLANG_WARN_CONSTANT_CONVERSION = YES;
				CLANG_WARN_DIRECT_OBJC_ISA_USAGE = YES_ERROR;
				CLANG_WARN_DOCUMENTATION_COMMENTS = YES;
				CLANG_WARN_EMPTY_BODY = YES;
				CLANG_WARN_ENUM_CONVERSION = YES;
				CLANG_WARN_INFINITE_RECURSION = YES;
				CLANG_WARN_INT_CONVERSION = YES;
				CLANG_WARN_OBJC_ROOT_CLASS = YES_ERROR;
				CLANG_WARN_SUSPICIOUS_MOVE = YES;
				CLANG_WARN_UNREACHABLE_CODE = YES;
				CLANG_WARN__DUPLICATE_METHOD_MATCH = YES;
				"CODE_SIGN_IDENTITY[sdk=iphoneos*]" = "iPhone Developer";
				COPY_PHASE_STRIP = NO;
				DEBUG_INFORMATION_FORMAT = "dwarf-with-dsym";
				ENABLE_NS_ASSERTIONS = NO;
				ENABLE_STRICT_OBJC_MSGSEND = YES;
				GCC_C_LANGUAGE_STANDARD = gnu99;
				GCC_NO_COMMON_BLOCKS = YES;
				GCC_WARN_64_TO_32_BIT_CONVERSION = YES;
				GCC_WARN_ABOUT_RETURN_TYPE = YES_ERROR;
				GCC_WARN_UNDECLARED_SELECTOR = YES;
				GCC_WARN_UNINITIALIZED_AUTOS = YES_AGGRESSIVE;
				GCC_WARN_UNUSED_FUNCTION = YES;
				GCC_WARN_UNUSED_VARIABLE = YES;
				IPHONEOS_DEPLOYMENT_TARGET = 10.3;
				MTL_ENABLE_DEBUG_INFO = NO;
				SDKROOT = iphoneos;
				VALIDATE_PRODUCT = YES;
			};
			name = Release;
		};
		93B4F7B91F037EE700B83AA3 /* Debug */ = {
			isa = XCBuildConfiguration;
			buildSettings = {
				ASSETCATALOG_COMPILER_APPICON_NAME = AppIcon;
				DEVELOPMENT_TEAM = K23Z7P2Y2K;
				INFOPLIST_FILE = IosProject/Info.plist;
				LD_RUNPATH_SEARCH_PATHS = "$(inherited) @executable_path/Frameworks";
				PRODUCT_BUNDLE_IDENTIFIER = com.golddata.IosProject;
				PRODUCT_NAME = "$(TARGET_NAME)";
			};
			name = Debug;
		};
		93B4F7BA1F037EE700B83AA3 /* Release */ = {
			isa = XCBuildConfiguration;
			buildSettings = {
				ASSETCATALOG_COMPILER_APPICON_NAME = AppIcon;
				DEVELOPMENT_TEAM = K23Z7P2Y2K;
				INFOPLIST_FILE = IosProject/Info.plist;
				LD_RUNPATH_SEARCH_PATHS = "$(inherited) @executable_path/Frameworks";
				PRODUCT_BUNDLE_IDENTIFIER = com.golddata.IosProject;
				PRODUCT_NAME = "$(TARGET_NAME)";
			};
			name = Release;
		};
		93B4F7BC1F037EE700B83AA3 /* Debug */ = {
			isa = XCBuildConfiguration;
			buildSettings = {
				BUNDLE_LOADER = "$(TEST_HOST)";
				DEVELOPMENT_TEAM = K23Z7P2Y2K;
				INFOPLIST_FILE = IosProjectTests/Info.plist;
				LD_RUNPATH_SEARCH_PATHS = "$(inherited) @executable_path/Frameworks @loader_path/Frameworks";
				PRODUCT_BUNDLE_IDENTIFIER = com.golddata.IosProjectTests;
				PRODUCT_NAME = "$(TARGET_NAME)";
				TEST_HOST = "$(BUILT_PRODUCTS_DIR)/IosProject.app/IosProject";
			};
			name = Debug;
		};
		93B4F7BD1F037EE700B83AA3 /* Release */ = {
			isa = XCBuildConfiguration;
			buildSettings = {
				BUNDLE_LOADER = "$(TEST_HOST)";
				DEVELOPMENT_TEAM = K23Z7P2Y2K;
				INFOPLIST_FILE = IosProjectTests/Info.plist;
				LD_RUNPATH_SEARCH_PATHS = "$(inherited) @executable_path/Frameworks @loader_path/Frameworks";
				PRODUCT_BUNDLE_IDENTIFIER = com.golddata.IosProjectTests;
				PRODUCT_NAME = "$(TARGET_NAME)";
				TEST_HOST = "$(BUILT_PRODUCTS_DIR)/IosProject.app/IosProject";
			};
			name = Release;
		};
		93B4F7BF1F037EE700B83AA3 /* Debug */ = {
			isa = XCBuildConfiguration;
			buildSettings = {
				DEVELOPMENT_TEAM = K23Z7P2Y2K;
				INFOPLIST_FILE = IosProjectUITests/Info.plist;
				LD_RUNPATH_SEARCH_PATHS = "$(inherited) @executable_path/Frameworks @loader_path/Frameworks";
				PRODUCT_BUNDLE_IDENTIFIER = com.golddata.IosProjectUITests;
				PRODUCT_NAME = "$(TARGET_NAME)";
				TEST_TARGET_NAME = IosProject;
			};
			name = Debug;
		};
		93B4F7C01F037EE700B83AA3 /* Release */ = {
			isa = XCBuildConfiguration;
			buildSettings = {
				DEVELOPMENT_TEAM = K23Z7P2Y2K;
				INFOPLIST_FILE = IosProjectUITests/Info.plist;
				LD_RUNPATH_SEARCH_PATHS = "$(inherited) @executable_path/Frameworks @loader_path/Frameworks";
				PRODUCT_BUNDLE_IDENTIFIER = com.golddata.IosProjectUITests;
				PRODUCT_NAME = "$(TARGET_NAME)";
				TEST_TARGET_NAME = IosProject;
			};
			name = Release;
		};
/* End XCBuildConfiguration section */

/* Begin XCConfigurationList section */
		93B4F7861F037EE000B83AA3 /* Build configuration list for PBXProject "IosProject" */ = {
			isa = XCConfigurationList;
			buildConfigurations = (
				93B4F7B61F037EE700B83AA3 /* Debug */,
				93B4F7B71F037EE700B83AA3 /* Release */,
			);
			defaultConfigurationIsVisible = 0;
			defaultConfigurationName = Release;
		};
		93B4F7B81F037EE700B83AA3 /* Build configuration list for PBXNativeTarget "IosProject" */ = {
			isa = XCConfigurationList;
			buildConfigurations = (
				93B4F7B91F037EE700B83AA3 /* Debug */,
				93B4F7BA1F037EE700B83AA3 /* Release */,
			);
			defaultConfigurationIsVisible = 0;
			defaultConfigurationName = Release;
		};
		93B4F7BB1F037EE700B83AA3 /* Build configuration list for PBXNativeTarget "IosProjectTests" */ = {
			isa = XCConfigurationList;
			buildConfigurations = (
				93B4F7BC1F037EE700B83AA3 /* Debug */,
				93B4F7BD1F037EE700B83AA3 /* Release */,
			);
			defaultConfigurationIsVisible = 0;
			defaultConfigurationName = Release;
		};
		93B4F7BE1F037EE700B83AA3 /* Build configuration list for PBXNativeTarget "IosProjectUITests" */ = {
			isa = XCConfigurationList;
			buildConfigurations = (
				93B4F7BF1F037EE700B83AA3 /* Debug */,
				93B4F7C01F037EE700B83AA3 /* Release */,
			);
			defaultConfigurationIsVisible = 0;
			defaultConfigurationName = Release;
		};
/* End XCConfigurationList section */
	};
	rootObject = 93B4F7831F037EE000B83AA3 /* Project object */;
}
